// !$*UTF8*$!
{
	archiveVersion = 1;
	classes = {
	};
	objectVersion = 50;
	objects = {

/* Begin PBXBuildFile section */
		15DFEEB2240EDED3006BA001 /* AppDelegate.swift in Sources */ = {isa = PBXBuildFile; fileRef = 15DFEEB1240EDED3006BA001 /* AppDelegate.swift */; };
		15DFEEB4240EDED3006BA001 /* SceneDelegate.swift in Sources */ = {isa = PBXBuildFile; fileRef = 15DFEEB3240EDED3006BA001 /* SceneDelegate.swift */; };
		15DFEEB9240EDED3006BA001 /* Main.storyboard in Resources */ = {isa = PBXBuildFile; fileRef = 15DFEEB7240EDED3006BA001 /* Main.storyboard */; };
		15DFEEBB240EDED5006BA001 /* Assets.xcassets in Resources */ = {isa = PBXBuildFile; fileRef = 15DFEEBA240EDED5006BA001 /* Assets.xcassets */; };
		15DFEEBE240EDED5006BA001 /* LaunchScreen.storyboard in Resources */ = {isa = PBXBuildFile; fileRef = 15DFEEBC240EDED5006BA001 /* LaunchScreen.storyboard */; };
		15DFEEC6240EE461006BA001 /* DeviceMemoryCell.swift in Sources */ = {isa = PBXBuildFile; fileRef = 15DFEEC5240EE461006BA001 /* DeviceMemoryCell.swift */; };
		15DFEEC8240EE479006BA001 /* CountryListCell.swift in Sources */ = {isa = PBXBuildFile; fileRef = 15DFEEC7240EE479006BA001 /* CountryListCell.swift */; };
		15DFEECC240EE8E3006BA001 /* CountryListTableViewController.swift in Sources */ = {isa = PBXBuildFile; fileRef = 15DFEECB240EE8E3006BA001 /* CountryListTableViewController.swift */; };
		15DFEECE240EF37B006BA001 /* regions.xml in Resources */ = {isa = PBXBuildFile; fileRef = 15DFEECD240EF37B006BA001 /* regions.xml */; };
		15DFEED0240EF439006BA001 /* CountryModel.swift in Sources */ = {isa = PBXBuildFile; fileRef = 15DFEECF240EF439006BA001 /* CountryModel.swift */; };
		15DFEED2240F96B2006BA001 /* CountryListParser.swift in Sources */ = {isa = PBXBuildFile; fileRef = 15DFEED1240F96B2006BA001 /* CountryListParser.swift */; };
		15DFEED4240FC77C006BA001 /* Extensions.swift in Sources */ = {isa = PBXBuildFile; fileRef = 15DFEED3240FC77C006BA001 /* Extensions.swift */; };
		15DFEEDF24111F6C006BA001 /* CountryRegionsTableViewController.swift in Sources */ = {isa = PBXBuildFile; fileRef = 15DFEEDE24111F6C006BA001 /* CountryRegionsTableViewController.swift */; };
		15DFEEE5241193EE006BA001 /* DownloadOperator.swift in Sources */ = {isa = PBXBuildFile; fileRef = 15DFEEE4241193EE006BA001 /* DownloadOperator.swift */; };
		15DFEEE72412FDE6006BA001 /* DownloadMap.swift in Sources */ = {isa = PBXBuildFile; fileRef = 15DFEEE62412FDE6006BA001 /* DownloadMap.swift */; };
/* End PBXBuildFile section */

/* Begin PBXFileReference section */
		15DFEEAE240EDED3006BA001 /* Maps.app */ = {isa = PBXFileReference; explicitFileType = wrapper.application; includeInIndex = 0; path = Maps.app; sourceTree = BUILT_PRODUCTS_DIR; };
		15DFEEB1240EDED3006BA001 /* AppDelegate.swift */ = {isa = PBXFileReference; lastKnownFileType = sourcecode.swift; path = AppDelegate.swift; sourceTree = "<group>"; };
		15DFEEB3240EDED3006BA001 /* SceneDelegate.swift */ = {isa = PBXFileReference; lastKnownFileType = sourcecode.swift; path = SceneDelegate.swift; sourceTree = "<group>"; };
		15DFEEB8240EDED3006BA001 /* Base */ = {isa = PBXFileReference; lastKnownFileType = file.storyboard; name = Base; path = Base.lproj/Main.storyboard; sourceTree = "<group>"; };
		15DFEEBA240EDED5006BA001 /* Assets.xcassets */ = {isa = PBXFileReference; lastKnownFileType = folder.assetcatalog; path = Assets.xcassets; sourceTree = "<group>"; };
		15DFEEBD240EDED5006BA001 /* Base */ = {isa = PBXFileReference; lastKnownFileType = file.storyboard; name = Base; path = Base.lproj/LaunchScreen.storyboard; sourceTree = "<group>"; };
		15DFEEBF240EDED5006BA001 /* Info.plist */ = {isa = PBXFileReference; lastKnownFileType = text.plist.xml; path = Info.plist; sourceTree = "<group>"; };
		15DFEEC5240EE461006BA001 /* DeviceMemoryCell.swift */ = {isa = PBXFileReference; lastKnownFileType = sourcecode.swift; path = DeviceMemoryCell.swift; sourceTree = "<group>"; };
		15DFEEC7240EE479006BA001 /* CountryListCell.swift */ = {isa = PBXFileReference; lastKnownFileType = sourcecode.swift; path = CountryListCell.swift; sourceTree = "<group>"; };
		15DFEECB240EE8E3006BA001 /* CountryListTableViewController.swift */ = {isa = PBXFileReference; lastKnownFileType = sourcecode.swift; path = CountryListTableViewController.swift; sourceTree = "<group>"; };
		15DFEECD240EF37B006BA001 /* regions.xml */ = {isa = PBXFileReference; fileEncoding = 4; lastKnownFileType = text.xml; path = regions.xml; sourceTree = "<group>"; };
		15DFEECF240EF439006BA001 /* CountryModel.swift */ = {isa = PBXFileReference; lastKnownFileType = sourcecode.swift; path = CountryModel.swift; sourceTree = "<group>"; };
		15DFEED1240F96B2006BA001 /* CountryListParser.swift */ = {isa = PBXFileReference; lastKnownFileType = sourcecode.swift; path = CountryListParser.swift; sourceTree = "<group>"; };
		15DFEED3240FC77C006BA001 /* Extensions.swift */ = {isa = PBXFileReference; lastKnownFileType = sourcecode.swift; path = Extensions.swift; sourceTree = "<group>"; };
		15DFEEDE24111F6C006BA001 /* CountryRegionsTableViewController.swift */ = {isa = PBXFileReference; lastKnownFileType = sourcecode.swift; path = CountryRegionsTableViewController.swift; sourceTree = "<group>"; };
		15DFEEE4241193EE006BA001 /* DownloadOperator.swift */ = {isa = PBXFileReference; lastKnownFileType = sourcecode.swift; path = DownloadOperator.swift; sourceTree = "<group>"; };
		15DFEEE62412FDE6006BA001 /* DownloadMap.swift */ = {isa = PBXFileReference; lastKnownFileType = sourcecode.swift; path = DownloadMap.swift; sourceTree = "<group>"; };
/* End PBXFileReference section */

/* Begin PBXFrameworksBuildPhase section */
		15DFEEAB240EDED3006BA001 /* Frameworks */ = {
			isa = PBXFrameworksBuildPhase;
			buildActionMask = 2147483647;
			files = (
			);
			runOnlyForDeploymentPostprocessing = 0;
		};
/* End PBXFrameworksBuildPhase section */

/* Begin PBXGroup section */
		15DFEEA5240EDED3006BA001 = {
			isa = PBXGroup;
			children = (
				15DFEEB0240EDED3006BA001 /* Maps */,
				15DFEEAF240EDED3006BA001 /* Products */,
			);
			sourceTree = "<group>";
		};
		15DFEEAF240EDED3006BA001 /* Products */ = {
			isa = PBXGroup;
			children = (
				15DFEEAE240EDED3006BA001 /* Maps.app */,
			);
			name = Products;
			sourceTree = "<group>";
		};
		15DFEEB0240EDED3006BA001 /* Maps */ = {
			isa = PBXGroup;
			children = (
				15DFEEB1240EDED3006BA001 /* AppDelegate.swift */,
				15DFEEB3240EDED3006BA001 /* SceneDelegate.swift */,
				15DFEEBF240EDED5006BA001 /* Info.plist */,
				15DFEED6240FF63E006BA001 /* Model */,
				15DFEED5240FF62E006BA001 /* Controller */,
				15DFEED8240FF682006BA001 /* Extensions */,
				15DFEED9240FF69B006BA001 /* View */,
				15DFEEDB241007CD006BA001 /* Resources */,
				15DFEEDA241007A8006BA001 /* Supporting Files */,
			);
			path = Maps;
			sourceTree = "<group>";
		};
		15DFEED5240FF62E006BA001 /* Controller */ = {
			isa = PBXGroup;
			children = (
				15DFEECB240EE8E3006BA001 /* CountryListTableViewController.swift */,
				15DFEEDE24111F6C006BA001 /* CountryRegionsTableViewController.swift */,
				15DFEEE62412FDE6006BA001 /* DownloadMap.swift */,
				15DFEED7240FF66C006BA001 /* TableViewCells */,
			);
			path = Controller;
			sourceTree = "<group>";
		};
		15DFEED6240FF63E006BA001 /* Model */ = {
			isa = PBXGroup;
			children = (
				15DFEECF240EF439006BA001 /* CountryModel.swift */,
				15DFEED1240F96B2006BA001 /* CountryListParser.swift */,
				15DFEEE4241193EE006BA001 /* DownloadOperator.swift */,
			);
			path = Model;
			sourceTree = "<group>";
		};
		15DFEED7240FF66C006BA001 /* TableViewCells */ = {
			isa = PBXGroup;
			children = (
				15DFEEC5240EE461006BA001 /* DeviceMemoryCell.swift */,
				15DFEEC7240EE479006BA001 /* CountryListCell.swift */,
			);
			path = TableViewCells;
			sourceTree = "<group>";
		};
		15DFEED8240FF682006BA001 /* Extensions */ = {
			isa = PBXGroup;
			children = (
				15DFEED3240FC77C006BA001 /* Extensions.swift */,
			);
			path = Extensions;
			sourceTree = "<group>";
		};
		15DFEED9240FF69B006BA001 /* View */ = {
			isa = PBXGroup;
			children = (
				15DFEEB7240EDED3006BA001 /* Main.storyboard */,
				15DFEEBC240EDED5006BA001 /* LaunchScreen.storyboard */,
			);
			path = View;
			sourceTree = "<group>";
		};
		15DFEEDA241007A8006BA001 /* Supporting Files */ = {
			isa = PBXGroup;
			children = (
			);
			path = "Supporting Files";
			sourceTree = "<group>";
		};
		15DFEEDB241007CD006BA001 /* Resources */ = {
			isa = PBXGroup;
			children = (
				15DFEECD240EF37B006BA001 /* regions.xml */,
				15DFEEBA240EDED5006BA001 /* Assets.xcassets */,
			);
			path = Resources;
			sourceTree = "<group>";
		};
/* End PBXGroup section */

/* Begin PBXNativeTarget section */
		15DFEEAD240EDED3006BA001 /* Maps */ = {
			isa = PBXNativeTarget;
			buildConfigurationList = 15DFEEC2240EDED5006BA001 /* Build configuration list for PBXNativeTarget "Maps" */;
			buildPhases = (
				15DFEEAA240EDED3006BA001 /* Sources */,
				15DFEEAB240EDED3006BA001 /* Frameworks */,
				15DFEEAC240EDED3006BA001 /* Resources */,
			);
			buildRules = (
			);
			dependencies = (
			);
			name = Maps;
			productName = Maps;
			productReference = 15DFEEAE240EDED3006BA001 /* Maps.app */;
			productType = "com.apple.product-type.application";
		};
/* End PBXNativeTarget section */

/* Begin PBXProject section */
		15DFEEA6240EDED3006BA001 /* Project object */ = {
			isa = PBXProject;
			attributes = {
				LastSwiftUpdateCheck = 1130;
				LastUpgradeCheck = 1130;
				ORGANIZATIONNAME = "Anna Bibyk";
				TargetAttributes = {
					15DFEEAD240EDED3006BA001 = {
						CreatedOnToolsVersion = 11.3.1;
					};
				};
			};
			buildConfigurationList = 15DFEEA9240EDED3006BA001 /* Build configuration list for PBXProject "Maps" */;
			compatibilityVersion = "Xcode 9.3";
			developmentRegion = en;
			hasScannedForEncodings = 0;
			knownRegions = (
				en,
				Base,
			);
			mainGroup = 15DFEEA5240EDED3006BA001;
			productRefGroup = 15DFEEAF240EDED3006BA001 /* Products */;
			projectDirPath = "";
			projectRoot = "";
			targets = (
				15DFEEAD240EDED3006BA001 /* Maps */,
			);
		};
/* End PBXProject section */

/* Begin PBXResourcesBuildPhase section */
		15DFEEAC240EDED3006BA001 /* Resources */ = {
			isa = PBXResourcesBuildPhase;
			buildActionMask = 2147483647;
			files = (
				15DFEEBE240EDED5006BA001 /* LaunchScreen.storyboard in Resources */,
				15DFEECE240EF37B006BA001 /* regions.xml in Resources */,
				15DFEEBB240EDED5006BA001 /* Assets.xcassets in Resources */,
				15DFEEB9240EDED3006BA001 /* Main.storyboard in Resources */,
			);
			runOnlyForDeploymentPostprocessing = 0;
		};
/* End PBXResourcesBuildPhase section */

/* Begin PBXSourcesBuildPhase section */
		15DFEEAA240EDED3006BA001 /* Sources */ = {
			isa = PBXSourcesBuildPhase;
			buildActionMask = 2147483647;
			files = (
				15DFEED2240F96B2006BA001 /* CountryListParser.swift in Sources */,
				15DFEED4240FC77C006BA001 /* Extensions.swift in Sources */,
				15DFEED0240EF439006BA001 /* CountryModel.swift in Sources */,
				15DFEEDF24111F6C006BA001 /* CountryRegionsTableViewController.swift in Sources */,
				15DFEEE5241193EE006BA001 /* DownloadOperator.swift in Sources */,
				15DFEEC8240EE479006BA001 /* CountryListCell.swift in Sources */,
				15DFEEB2240EDED3006BA001 /* AppDelegate.swift in Sources */,
				15DFEEE72412FDE6006BA001 /* DownloadMap.swift in Sources */,
				15DFEECC240EE8E3006BA001 /* CountryListTableViewController.swift in Sources */,
				15DFEEC6240EE461006BA001 /* DeviceMemoryCell.swift in Sources */,
				15DFEEB4240EDED3006BA001 /* SceneDelegate.swift in Sources */,
			);
			runOnlyForDeploymentPostprocessing = 0;
		};
/* End PBXSourcesBuildPhase section */

/* Begin PBXVariantGroup section */
		15DFEEB7240EDED3006BA001 /* Main.storyboard */ = {
			isa = PBXVariantGroup;
			children = (
				15DFEEB8240EDED3006BA001 /* Base */,
			);
			name = Main.storyboard;
			sourceTree = "<group>";
		};
		15DFEEBC240EDED5006BA001 /* LaunchScreen.storyboard */ = {
			isa = PBXVariantGroup;
			children = (
				15DFEEBD240EDED5006BA001 /* Base */,
			);
			name = LaunchScreen.storyboard;
			sourceTree = "<group>";
		};
/* End PBXVariantGroup section */

/* Begin XCBuildConfiguration section */
		15DFEEC0240EDED5006BA001 /* Debug */ = {
			isa = XCBuildConfiguration;
			buildSettings = {
				ALWAYS_SEARCH_USER_PATHS = NO;
				CLANG_ANALYZER_NONNULL = YES;
				CLANG_ANALYZER_NUMBER_OBJECT_CONVERSION = YES_AGGRESSIVE;
				CLANG_CXX_LANGUAGE_STANDARD = "gnu++14";
				CLANG_CXX_LIBRARY = "libc++";
				CLANG_ENABLE_MODULES = YES;
				CLANG_ENABLE_OBJC_ARC = YES;
				CLANG_ENABLE_OBJC_WEAK = YES;
				CLANG_WARN_BLOCK_CAPTURE_AUTORELEASING = YES;
				CLANG_WARN_BOOL_CONVERSION = YES;
				CLANG_WARN_COMMA = YES;
				CLANG_WARN_CONSTANT_CONVERSION = YES;
				CLANG_WARN_DEPRECATED_OBJC_IMPLEMENTATIONS = YES;
				CLANG_WARN_DIRECT_OBJC_ISA_USAGE = YES_ERROR;
				CLANG_WARN_DOCUMENTATION_COMMENTS = YES;
				CLANG_WARN_EMPTY_BODY = YES;
				CLANG_WARN_ENUM_CONVERSION = YES;
				CLANG_WARN_INFINITE_RECURSION = YES;
				CLANG_WARN_INT_CONVERSION = YES;
				CLANG_WARN_NON_LITERAL_NULL_CONVERSION = YES;
				CLANG_WARN_OBJC_IMPLICIT_RETAIN_SELF = YES;
				CLANG_WARN_OBJC_LITERAL_CONVERSION = YES;
				CLANG_WARN_OBJC_ROOT_CLASS = YES_ERROR;
				CLANG_WARN_RANGE_LOOP_ANALYSIS = YES;
				CLANG_WARN_STRICT_PROTOTYPES = YES;
				CLANG_WARN_SUSPICIOUS_MOVE = YES;
				CLANG_WARN_UNGUARDED_AVAILABILITY = YES_AGGRESSIVE;
				CLANG_WARN_UNREACHABLE_CODE = YES;
				CLANG_WARN__DUPLICATE_METHOD_MATCH = YES;
				COPY_PHASE_STRIP = NO;
				DEBUG_INFORMATION_FORMAT = dwarf;
				ENABLE_STRICT_OBJC_MSGSEND = YES;
				ENABLE_TESTABILITY = YES;
				GCC_C_LANGUAGE_STANDARD = gnu11;
				GCC_DYNAMIC_NO_PIC = NO;
				GCC_NO_COMMON_BLOCKS = YES;
				GCC_OPTIMIZATION_LEVEL = 0;
				GCC_PREPROCESSOR_DEFINITIONS = (
					"DEBUG=1",
					"$(inherited)",
				);
				GCC_WARN_64_TO_32_BIT_CONVERSION = YES;
				GCC_WARN_ABOUT_RETURN_TYPE = YES_ERROR;
				GCC_WARN_UNDECLARED_SELECTOR = YES;
				GCC_WARN_UNINITIALIZED_AUTOS = YES_AGGRESSIVE;
				GCC_WARN_UNUSED_FUNCTION = YES;
				GCC_WARN_UNUSED_VARIABLE = YES;
				IPHONEOS_DEPLOYMENT_TARGET = 13.2;
				MTL_ENABLE_DEBUG_INFO = INCLUDE_SOURCE;
				MTL_FAST_MATH = YES;
				ONLY_ACTIVE_ARCH = YES;
				SDKROOT = iphoneos;
				SWIFT_ACTIVE_COMPILATION_CONDITIONS = DEBUG;
				SWIFT_OPTIMIZATION_LEVEL = "-Onone";
			};
			name = Debug;
		};
		15DFEEC1240EDED5006BA001 /* Release */ = {
			isa = XCBuildConfiguration;
			buildSettings = {
				ALWAYS_SEARCH_USER_PATHS = NO;
				CLANG_ANALYZER_NONNULL = YES;
				CLANG_ANALYZER_NUMBER_OBJECT_CONVERSION = YES_AGGRESSIVE;
				CLANG_CXX_LANGUAGE_STANDARD = "gnu++14";
				CLANG_CXX_LIBRARY = "libc++";
				CLANG_ENABLE_MODULES = YES;
				CLANG_ENABLE_OBJC_ARC = YES;
				CLANG_ENABLE_OBJC_WEAK = YES;
				CLANG_WARN_BLOCK_CAPTURE_AUTORELEASING = YES;
				CLANG_WARN_BOOL_CONVERSION = YES;
				CLANG_WARN_COMMA = YES;
				CLANG_WARN_CONSTANT_CONVERSION = YES;
				CLANG_WARN_DEPRECATED_OBJC_IMPLEMENTATIONS = YES;
				CLANG_WARN_DIRECT_OBJC_ISA_USAGE = YES_ERROR;
				CLANG_WARN_DOCUMENTATION_COMMENTS = YES;
				CLANG_WARN_EMPTY_BODY = YES;
				CLANG_WARN_ENUM_CONVERSION = YES;
				CLANG_WARN_INFINITE_RECURSION = YES;
				CLANG_WARN_INT_CONVERSION = YES;
				CLANG_WARN_NON_LITERAL_NULL_CONVERSION = YES;
				CLANG_WARN_OBJC_IMPLICIT_RETAIN_SELF = YES;
				CLANG_WARN_OBJC_LITERAL_CONVERSION = YES;
				CLANG_WARN_OBJC_ROOT_CLASS = YES_ERROR;
				CLANG_WARN_RANGE_LOOP_ANALYSIS = YES;
				CLANG_WARN_STRICT_PROTOTYPES = YES;
				CLANG_WARN_SUSPICIOUS_MOVE = YES;
				CLANG_WARN_UNGUARDED_AVAILABILITY = YES_AGGRESSIVE;
				CLANG_WARN_UNREACHABLE_CODE = YES;
				CLANG_WARN__DUPLICATE_METHOD_MATCH = YES;
				COPY_PHASE_STRIP = NO;
				DEBUG_INFORMATION_FORMAT = "dwarf-with-dsym";
				ENABLE_NS_ASSERTIONS = NO;
				ENABLE_STRICT_OBJC_MSGSEND = YES;
				GCC_C_LANGUAGE_STANDARD = gnu11;
				GCC_NO_COMMON_BLOCKS = YES;
				GCC_WARN_64_TO_32_BIT_CONVERSION = YES;
				GCC_WARN_ABOUT_RETURN_TYPE = YES_ERROR;
				GCC_WARN_UNDECLARED_SELECTOR = YES;
				GCC_WARN_UNINITIALIZED_AUTOS = YES_AGGRESSIVE;
				GCC_WARN_UNUSED_FUNCTION = YES;
				GCC_WARN_UNUSED_VARIABLE = YES;
				IPHONEOS_DEPLOYMENT_TARGET = 13.2;
				MTL_ENABLE_DEBUG_INFO = NO;
				MTL_FAST_MATH = YES;
				SDKROOT = iphoneos;
				SWIFT_COMPILATION_MODE = wholemodule;
				SWIFT_OPTIMIZATION_LEVEL = "-O";
				VALIDATE_PRODUCT = YES;
			};
			name = Release;
		};
		15DFEEC3240EDED5006BA001 /* Debug */ = {
			isa = XCBuildConfiguration;
			buildSettings = {
				ASSETCATALOG_COMPILER_APPICON_NAME = AppIcon;
				CODE_SIGN_STYLE = Automatic;
				DEVELOPMENT_TEAM = RZL9YFA8LA;
				INFOPLIST_FILE = Maps/Info.plist;
				LD_RUNPATH_SEARCH_PATHS = (
					"$(inherited)",
					"@executable_path/Frameworks",
				);
				PRODUCT_BUNDLE_IDENTIFIER = com.annbibyk.Maps;
				PRODUCT_NAME = "$(TARGET_NAME)";
				SWIFT_VERSION = 5.0;
				TARGETED_DEVICE_FAMILY = "1,2";
			};
			name = Debug;
		};
		15DFEEC4240EDED5006BA001 /* Release */ = {
			isa = XCBuildConfiguration;
			buildSettings = {
				ASSETCATALOG_COMPILER_APPICON_NAME = AppIcon;
				CODE_SIGN_STYLE = Automatic;
				DEVELOPMENT_TEAM = RZL9YFA8LA;
				INFOPLIST_FILE = Maps/Info.plist;
				LD_RUNPATH_SEARCH_PATHS = (
					"$(inherited)",
					"@executable_path/Frameworks",
				);
				PRODUCT_BUNDLE_IDENTIFIER = com.annbibyk.Maps;
				PRODUCT_NAME = "$(TARGET_NAME)";
				SWIFT_VERSION = 5.0;
				TARGETED_DEVICE_FAMILY = "1,2";
			};
			name = Release;
		};
/* End XCBuildConfiguration section */

/* Begin XCConfigurationList section */
		15DFEEA9240EDED3006BA001 /* Build configuration list for PBXProject "Maps" */ = {
			isa = XCConfigurationList;
			buildConfigurations = (
				15DFEEC0240EDED5006BA001 /* Debug */,
				15DFEEC1240EDED5006BA001 /* Release */,
			);
			defaultConfigurationIsVisible = 0;
			defaultConfigurationName = Release;
		};
		15DFEEC2240EDED5006BA001 /* Build configuration list for PBXNativeTarget "Maps" */ = {
			isa = XCConfigurationList;
			buildConfigurations = (
				15DFEEC3240EDED5006BA001 /* Debug */,
				15DFEEC4240EDED5006BA001 /* Release */,
			);
			defaultConfigurationIsVisible = 0;
			defaultConfigurationName = Release;
		};
/* End XCConfigurationList section */
	};
	rootObject = 15DFEEA6240EDED3006BA001 /* Project object */;
}
